github.com/bradfitz/gomemcache v0.0.0-20230905024940-24af94b03874 h1:N7oVaKyGp8bttX0bfZGmcGkjz7DLQXhAn3DNd3T0ous=
github.com/bradfitz/gomemcache v0.0.0-20230905024940-24af94b03874/go.mod h1:r5xuitiExdLAJ09PR7vBVENGvp4ZuTBeWTGtxuX3K+c=
github.com/go-sql-driver/mysql v1.7.0 h1:ueSltNNllEqE3qcWBTD0iQd3IpL/6U+mJxLkazJ7YPc=
github.com/go-sql-driver/mysql v1.7.0/go.mod h1:OXbVy3sEdcQ2Doequ6Z5BW6fXNQTmx+9S1MCJN5yJMI=
github.com/jinzhu/inflection v1.0.0 h1:K317FqzuhWc8YvSVlFMCCUb36O/S9MCKRDI7QkRKD/E=
github.com/jinzhu/inflection v1.0.0/go.mod h1:h+uFLlag+Qp1Va5pdKtLDYj+kHp5pxUVkryuEj+Srlc=
github.com/jinzhu/now v1.1.5 h1:/o9tlHleP7gOFmsnYNz3RGnqzefHA47wQpKrrdTIwXQ=
github.com/jinzhu/now v1.1.5/go.mod h1:d3SSVoowX0Lcu0IBviAWJpolVfI5UJVZZ7cO71lE/z8=
github.com/joho/godotenv v1.5.1 h1:7eLL/+HRGLY0ldzfGMeQkb7vMd0as4CfYvUVzLqw0N0=
github.com/joho/godotenv v1.5.1/go.mod h1:f4LDr5Voq0i2e/R5DDNOoa2zzDfwtkZa6DnEwAbqwq4=
github.com/tcp-x/cd-core/sys/base v0.0.0-20240304105038-c9c1cc70f383 h1:n9S5GW2ecrdbvWf+u/XMw9lx/GD7kWX2DKHc8qszTqI=
github.com/tcp-x/cd-core/sys/base v0.0.0-20240304105038-c9c1cc70f383/go.mod h1:ZHT3t0E18S9ed8cwAbCVhjhFCjGzrRd2tVERIlyvWDc=
github.com/tcp-x/cd-core/sys/user v0.0.0-20240304110451-060b4759c2c2 h1:Mu97ARRDATkPj2jmmF6JGeQEseOhrf1MlMvWiGE6DEY=
github.com/tcp-x/cd-core/sys/user v0.0.0-20240304110451-060b4759c2c2/go.mod h1:SQQbv7SxOTpr/SFYVQG6b6mu/et5cTDQ1jbXqHzLkqU=
gorm.io/driver/mysql v1.5.4 h1:igQmHfKcbaTVyAIHNhhB888vvxh8EdQ2uSUT0LPcBso=
gorm.io/driver/mysql v1.5.4/go.mod h1:9rYxJph/u9SWkWc9yY4XJ1F/+xO0S/ChOmbk3+Z5Tvs=
gorm.io/gorm v1.25.7-0.20240204074919-46816ad31dde h1:9DShaph9qhkIYw7QF91I/ynrr4cOO2PZra2PFD7Mfeg=
gorm.io/gorm v1.25.7-0.20240204074919-46816ad31dde/go.mod h1:hbnx/Oo0ChWMn1BIhpy1oYozzpM15i4YPuHDmfYtwg8=
